# generated by rye
# use `rye lock` or `rye sync` to update this lockfile
#
# last locked with the following flags:
#   pre: false
#   features: []
#   all-features: false
#   with-sources: false
#   generate-hashes: false
#   universal: false

-e file:.
asgiref==3.8.1
    # via django
    # via django-cors-headers
django==5.0.7
    # via django-cors-headers
    # via djangorestframework
    # via youtube-english-drf
django-cors-headers==4.4.0
    # via youtube-english-drf
djangorestframework==3.15.2
    # via youtube-english-drf
gunicorn==22.0.0
    # via youtube-english-drf
packaging==24.1
    # via gunicorn
psycopg2-binary==2.9.9
    # via youtube-english-drf
sqlparse==0.5.0
    # via django
